
Microsoft Visual Studio Solution File, Format Version 12.00
# Visual Studio Version 16
VisualStudioVersion = 16.0.31321.278
MinimumVisualStudioVersion = 10.0.40219.1
Project("{FAE04EC0-301F-11D3-BF4B-00C04F79EFBC}") = "RazorPagesMovie", "RazorPagesMovie.csproj", "{B9D576BE-A05F-4E1B-9368-22C115D3C0B0}"
EndProject
Global
	GlobalSection(SolutionConfigurationPlatforms) = preSolution
		Debug|Any CPU = Debug|Any CPU
		Release|Any CPU = Release|Any CPU
	EndGlobalSection
	GlobalSection(ProjectConfigurationPlatforms) = postSolution
		{B9D576BE-A05F-4E1B-9368-22C115D3C0B0}.Debug|Any CPU.ActiveCfg = Debug|Any CPU
		{B9D576BE-A05F-4E1B-9368-22C115D3C0B0}.Debug|Any CPU.Build.0 = Debug|Any CPU
		{B9D576BE-A05F-4E1B-9368-22C115D3C0B0}.Release|Any CPU.ActiveCfg = Release|Any CPU
		{B9D576BE-A05F-4E1B-9368-22C115D3C0B0}.Release|Any CPU.Build.0 = Release|Any CPU
	EndGlobalSection
	GlobalSection(SolutionProperties) = preSolution
		HideSolutionNode = FALSE
	EndGlobalSection
	GlobalSection(ExtensibilityGlobals) = postSolution
		SolutionGuid = {DFCF4B28-B98C-497B-AEA5-7E505BCF8B9C}
	EndGlobalSection
EndGlobal
